
Microsoft Visual Studio Solution File, Format Version 12.00
# Visual Studio 15
VisualStudioVersion = 15.0.28010.2016
MinimumVisualStudioVersion = 10.0.40219.1
Project("{FAE04EC0-301F-11D3-BF4B-00C04F79EFBC}") = "Ex39-ArchitectureUsingEvent", "Ex39-ArchitectureUsingEvent\Ex39-ArchitectureUsingEvent.csproj", "{1B7FCA3C-4D39-4273-B34E-8A1F3FB0EAF7}"
EndProject
Global
	GlobalSection(SolutionConfigurationPlatforms) = preSolution
		Debug|Any CPU = Debug|Any CPU
		Release|Any CPU = Release|Any CPU
	EndGlobalSection
	GlobalSection(ProjectConfigurationPlatforms) = postSolution
		{1B7FCA3C-4D39-4273-B34E-8A1F3FB0EAF7}.Debug|Any CPU.ActiveCfg = Debug|Any CPU
		{1B7FCA3C-4D39-4273-B34E-8A1F3FB0EAF7}.Debug|Any CPU.Build.0 = Debug|Any CPU
		{1B7FCA3C-4D39-4273-B34E-8A1F3FB0EAF7}.Release|Any CPU.ActiveCfg = Release|Any CPU
		{1B7FCA3C-4D39-4273-B34E-8A1F3FB0EAF7}.Release|Any CPU.Build.0 = Release|Any CPU
	EndGlobalSection
	GlobalSection(SolutionProperties) = preSolution
		HideSolutionNode = FALSE
	EndGlobalSection
	GlobalSection(ExtensibilityGlobals) = postSolution
		SolutionGuid = {51E85037-09DF-4B7B-AB26-402F1A94218A}
	EndGlobalSection
EndGlobal
